version = 1
revision = 3
requires-python = ">=3.14"

[[package]]
name = "caonima"
version = "0.1.0"
source = { virtual = "." }
dependencies = [
    { name = "gobject" },
    { name = "pydbus" },
]

[package.metadata]
requires-dist = [
    { name = "gobject", specifier = ">=0.1.0" },
    { name = "pydbus", specifier = ">=0.6.0" },
]

[[package]]
name = "gobject"
version = "0.1.0"
source = { registry = "https://pypi.org/simple" }
wheels = [
    { url = "https://files.pythonhosted.org/packages/35/69/9148b849a9e54297e31eac6ce5fa61d8e82921cd990bbda9dfb6be7a5f84/gobject-0.1.0-py3-none-any.whl", hash = "sha256:e985e17809810e7bd0bc2d34cb6c9ee6abde6cde94d89855e889a3f836b056b5", size = 5880, upload-time = "2017-02-11T17:19:16.501Z" },
]

[[package]]
name = "pydbus"
version = "0.6.0"
source = { registry = "https://pypi.org/simple" }
sdist = { url = "https://files.pythonhosted.org/packages/58/56/3e84f2c1f2e39b9ea132460183f123af41e3b9c8befe222a35636baa6a5a/pydbus-0.6.0.tar.gz", hash = "sha256:4207162eff54223822c185da06c1ba8a34137a9602f3da5a528eedf3f78d0f2c", size = 22079, upload-time = "2016-12-18T16:44:31.904Z" }
wheels = [
    { url = "https://files.pythonhosted.org/packages/92/56/27148014c2f85ce70332f18612f921f682395c7d4e91ec103783be4fce00/pydbus-0.6.0-py2.py3-none-any.whl", hash = "sha256:66b80106352a718d80d6c681dc2a82588048e30b75aab933e4020eb0660bf85e", size = 19580, upload-time = "2016-12-18T16:44:19.565Z" },
]
